
Microsoft Visual Studio Solution File, Format Version 12.00
# Visual Studio Version 17
VisualStudioVersion = 17.4.33103.184
MinimumVisualStudioVersion = 10.0.40219.1
Project("{FAE04EC0-301F-11D3-BF4B-00C04F79EFBC}") = "Lab6_2", "Lab6_2.csproj", "{3B6A4A69-AF36-4ECF-B14A-C9F7D684946E}"
EndProject
Global
	GlobalSection(SolutionConfigurationPlatforms) = preSolution
		Debug|Any CPU = Debug|Any CPU
		Release|Any CPU = Release|Any CPU
	EndGlobalSection
	GlobalSection(ProjectConfigurationPlatforms) = postSolution
		{3B6A4A69-AF36-4ECF-B14A-C9F7D684946E}.Debug|Any CPU.ActiveCfg = Debug|Any CPU
		{3B6A4A69-AF36-4ECF-B14A-C9F7D684946E}.Debug|Any CPU.Build.0 = Debug|Any CPU
		{3B6A4A69-AF36-4ECF-B14A-C9F7D684946E}.Release|Any CPU.ActiveCfg = Release|Any CPU
		{3B6A4A69-AF36-4ECF-B14A-C9F7D684946E}.Release|Any CPU.Build.0 = Release|Any CPU
	EndGlobalSection
	GlobalSection(SolutionProperties) = preSolution
		HideSolutionNode = FALSE
	EndGlobalSection
	GlobalSection(ExtensibilityGlobals) = postSolution
		SolutionGuid = {E940F8BE-2BB5-4551-9F27-B8D384517873}
	EndGlobalSection
EndGlobal
